# This file is automatically @generated by Cargo.
# It is not intended for manual editing.
version = 4

[[package]]
name = "obd-core"
version = "0.1.0"

[[package]]
name = "obd-safety"
version = "0.1.0"

[[package]]
name = "obd-sim"
version = "0.1.0"

[[package]]
name = "obd-transport"
version = "0.1.0"

[[package]]
name = "obdcracker"
version = "0.1.0"
